
Microsoft Visual Studio Solution File, Format Version 12.00
# Visual Studio 14
VisualStudioVersion = 14.0.25123.0
MinimumVisualStudioVersion = 10.0.40219.1
Project("{FAE04EC0-301F-11D3-BF4B-00C04F79EFBC}") = "01_Collections", "01_Collections\01_Collections.csproj", "{7053091D-139F-4F05-85FF-54B46E1B2EA1}"
EndProject
Project("{FAE04EC0-301F-11D3-BF4B-00C04F79EFBC}") = "02_Iterator", "02_Iterator\02_Iterator.csproj", "{6E927AD2-A34E-457E-8654-2B139F030D75}"
EndProject
Project("{FAE04EC0-301F-11D3-BF4B-00C04F79EFBC}") = "03_CollectionInterfaces", "03_CollectionInterfaces\03_CollectionInterfaces.csproj", "{4E05E380-12FF-4F37-894D-34A82A3149D7}"
EndProject
Project("{FAE04EC0-301F-11D3-BF4B-00C04F79EFBC}") = "04_Yield", "04_Yield\04_Yield.csproj", "{116C3246-1C79-49AD-8240-3CC9789E6C86}"
EndProject
Project("{FAE04EC0-301F-11D3-BF4B-00C04F79EFBC}") = "05_ICollection", "05_ICollection\05_ICollection.csproj", "{3D016F76-86BC-4D04-AC99-6FD198FB1BA2}"
EndProject
Project("{FAE04EC0-301F-11D3-BF4B-00C04F79EFBC}") = "06_IList", "06_IList\06_IList.csproj", "{09135516-D678-4B04-9FC7-05F4DC8DAE57}"
EndProject
Project("{FAE04EC0-301F-11D3-BF4B-00C04F79EFBC}") = "07_ArrayList", "07_ArrayList\07_ArrayList.csproj", "{B3548B65-957B-4D7D-B62F-7F1E48E3E660}"
EndProject
Project("{FAE04EC0-301F-11D3-BF4B-00C04F79EFBC}") = "08_Queue", "08_Queue\08_Queue.csproj", "{0BF55EBD-3497-4B9A-955B-DA517D44E118}"
EndProject
Project("{FAE04EC0-301F-11D3-BF4B-00C04F79EFBC}") = "09_Stack", "09_Stack\09_Stack.csproj", "{8C285AAA-9DF4-4305-A708-96ED9D93374B}"
EndProject
Project("{FAE04EC0-301F-11D3-BF4B-00C04F79EFBC}") = "10_HashTable", "10_HashTable\10_HashTable.csproj", "{4A30D8EF-57C4-464F-80B8-77650FA2D1E8}"
EndProject
Project("{FAE04EC0-301F-11D3-BF4B-00C04F79EFBC}") = "11_SortedList", "11_SortedList\11_SortedList.csproj", "{9FC12FD5-AAF3-4910-8E8A-63B7E7D8F4E5}"
EndProject
Project("{FAE04EC0-301F-11D3-BF4B-00C04F79EFBC}") = "12_Dictionary", "12_Dictionary\12_Dictionary.csproj", "{300072A4-EA76-4E88-B7EE-E786AD062F2E}"
EndProject
Project("{FAE04EC0-301F-11D3-BF4B-00C04F79EFBC}") = "13_BitArrayBitVector", "13_BitArrayBitVector\13_BitArrayBitVector.csproj", "{07469A01-3C74-4C3F-98D0-F00064052EF9}"
EndProject
Project("{FAE04EC0-301F-11D3-BF4B-00C04F79EFBC}") = "14_NameValueCollection", "14_NameValueCollection\14_NameValueCollection.csproj", "{DDF6AC0D-26CD-49D9-95B6-FBCBFE08BDB9}"
EndProject
Project("{FAE04EC0-301F-11D3-BF4B-00C04F79EFBC}") = "15_DictionaryGeneric", "15_DictionaryGeneric\15_DictionaryGeneric.csproj", "{93CAD961-B831-49B7-8A3C-51563E4CF18E}"
EndProject
Project("{FAE04EC0-301F-11D3-BF4B-00C04F79EFBC}") = "16_DirectoryInfo", "16_DirectoryInfo\16_DirectoryInfo.csproj", "{746BF2FE-C349-47F6-AABF-86426B518627}"
EndProject
Project("{FAE04EC0-301F-11D3-BF4B-00C04F79EFBC}") = "17_CreateDeleteDirectory", "17_CreateDeleteDirectory\17_CreateDeleteDirectory.csproj", "{9D0CD28F-72D7-448F-968C-85AD47CB943D}"
EndProject
Project("{FAE04EC0-301F-11D3-BF4B-00C04F79EFBC}") = "18_File", "18_File\18_File.csproj", "{2666B30F-A529-443B-9863-BB3526A72D91}"
EndProject
Project("{FAE04EC0-301F-11D3-BF4B-00C04F79EFBC}") = "19_Stream", "19_Stream\19_Stream.csproj", "{BD6CCB7E-2428-4507-80E5-A8730C7EEDF5}"
EndProject
Project("{FAE04EC0-301F-11D3-BF4B-00C04F79EFBC}") = "20_String", "20_String\20_String.csproj", "{523F9C5A-62AF-4AFD-831B-3425DB4DD33C}"
EndProject
Project("{FAE04EC0-301F-11D3-BF4B-00C04F79EFBC}") = "21_IFormattable", "21_IFormattable\21_IFormattable.csproj", "{F67F9683-30C9-4545-A037-3E62EC368C14}"
EndProject
Project("{FAE04EC0-301F-11D3-BF4B-00C04F79EFBC}") = "22_Encoding", "22_Encoding\22_Encoding.csproj", "{183FB026-DDD1-41CE-8D51-51E9403BDAB0}"
EndProject
Project("{FAE04EC0-301F-11D3-BF4B-00C04F79EFBC}") = "23_Regex", "23_Regex\23_Regex.csproj", "{2E76564C-A091-40B1-B9B3-A0DFFE241A99}"
EndProject
Project("{FAE04EC0-301F-11D3-BF4B-00C04F79EFBC}") = "24_XML", "24_XML\24_XML.csproj", "{B1AD443A-571C-4CD8-950F-2E8E7499F85C}"
EndProject
Project("{FAE04EC0-301F-11D3-BF4B-00C04F79EFBC}") = "25_Configuration", "25_Configuration\25_Configuration.csproj", "{01DFE08B-DD5F-457B-9DA6-631FE5B3F872}"
EndProject
Project("{FAE04EC0-301F-11D3-BF4B-00C04F79EFBC}") = "26_Registry", "26_Registry\26_Registry.csproj", "{D644A53B-CEDC-4C79-B92D-C1EA71438C65}"
EndProject
Project("{FAE04EC0-301F-11D3-BF4B-00C04F79EFBC}") = "27_Reflection", "27_Reflection\27_Reflection.csproj", "{5B19BB3C-0479-4618-985F-6DD332F6AB88}"
EndProject
Project("{FAE04EC0-301F-11D3-BF4B-00C04F79EFBC}") = "28_Attributes", "28_Attributes\28_Attributes.csproj", "{98605F3E-4827-4B1A-BF11-C56B2A2971AF}"
EndProject
Project("{FAE04EC0-301F-11D3-BF4B-00C04F79EFBC}") = "29_XMLSerialization", "29_XMLSerialization\29_XMLSerialization.csproj", "{7A59BD50-C0B6-4188-A551-4E87D2AB7A0A}"
EndProject
Project("{FAE04EC0-301F-11D3-BF4B-00C04F79EFBC}") = "30_BinarySerializer", "30_BinarySerializer\30_BinarySerializer.csproj", "{BDC80C9F-EBE4-4CDA-A47E-B991AC0059FB}"
EndProject
Project("{FAE04EC0-301F-11D3-BF4B-00C04F79EFBC}") = "31_CustomSerializer", "31_CustomSerializer\31_CustomSerializer.csproj", "{04A10B94-5AD3-4566-AEB6-9FD1B138D538}"
EndProject
Project("{FAE04EC0-301F-11D3-BF4B-00C04F79EFBC}") = "33_CustomSerializationAttributes", "33_CustomSerializationAttributes\33_CustomSerializationAttributes.csproj", "{C3B7F30B-CD00-4046-9943-460CB4A5B10B}"
EndProject
Project("{FAE04EC0-301F-11D3-BF4B-00C04F79EFBC}") = "34_GC", "34_GC\34_GC.csproj", "{084118A7-BA52-4761-9925-9F2C0C5B5E69}"
EndProject
Project("{FAE04EC0-301F-11D3-BF4B-00C04F79EFBC}") = "35_LargeObjectHeap", "35_LargeObjectHeap\35_LargeObjectHeap.csproj", "{8AF83E61-0B29-4FCE-80A2-B1639BE89326}"
EndProject
Project("{FAE04EC0-301F-11D3-BF4B-00C04F79EFBC}") = "36_Finalization", "36_Finalization\36_Finalization.csproj", "{138BDC33-C66A-45EF-9019-348B26DAE3AE}"
EndProject
Project("{FAE04EC0-301F-11D3-BF4B-00C04F79EFBC}") = "37_IDisposable", "37_FinalizatorCall\37_IDisposable.csproj", "{E28623BB-2C25-4BE3-80E5-B7F637C2F52C}"
EndProject
Project("{FAE04EC0-301F-11D3-BF4B-00C04F79EFBC}") = "38_IDisposablePattern", "38_IDisposable\38_IDisposablePattern.csproj", "{8D0889D5-DE9F-4FF4-B8A0-169ADF5E0744}"
EndProject
Project("{FAE04EC0-301F-11D3-BF4B-00C04F79EFBC}") = "39_Versioning", "39_Versioning\39_Versioning.csproj", "{840741C0-2CA9-4650-935D-187219083949}"
EndProject
Project("{FAE04EC0-301F-11D3-BF4B-00C04F79EFBC}") = "40_NVI", "40_NVI\40_NVI.csproj", "{74631D9B-CA4E-4E74-9B57-7D453AEB7890}"
EndProject
Project("{FAE04EC0-301F-11D3-BF4B-00C04F79EFBC}") = "41_Polymorphism", "41_Polymorphism\41_Polymorphism.csproj", "{55CB63D8-9B42-4BC9-8203-E12B2869F889}"
EndProject
Project("{FAE04EC0-301F-11D3-BF4B-00C04F79EFBC}") = "42_AdHoc", "42_AdHoc\42_AdHoc.csproj", "{3CFE8D1B-2FD6-4F25-8092-26FF738E4FE5}"
EndProject
Project("{FAE04EC0-301F-11D3-BF4B-00C04F79EFBC}") = "43_Dynamic", "43_Dynamic\43_Dynamic.csproj", "{4ABC9E29-A4E6-4253-A9AC-80243996B887}"
EndProject
Project("{FAE04EC0-301F-11D3-BF4B-00C04F79EFBC}") = "44_Thread", "44_Thread\44_Thread.csproj", "{AD308DD0-84C8-444C-BD3A-AB1400827A16}"
EndProject
Project("{FAE04EC0-301F-11D3-BF4B-00C04F79EFBC}") = "45_ThreadAbort", "45_ThreadAbort\45_ThreadAbort.csproj", "{FC692B1A-D97A-4EDE-9CBA-B085A7C7A681}"
EndProject
Project("{FAE04EC0-301F-11D3-BF4B-00C04F79EFBC}") = "46_ThreadState", "46_ThreadState\46_ThreadState.csproj", "{3D560CBB-EEDC-4B9E-8604-B0ACC13685B5}"
EndProject
Project("{FAE04EC0-301F-11D3-BF4B-00C04F79EFBC}") = "47_Interlocked", "47_Interlocked\47_Interlocked.csproj", "{BCF825E1-D9A6-4675-9CBC-962B91694A6A}"
EndProject
Project("{FAE04EC0-301F-11D3-BF4B-00C04F79EFBC}") = "48_MonitorLock", "48_MonitorLock\48_MonitorLock.csproj", "{9AC5508E-5056-4D77-9921-94CE433A0B96}"
EndProject
Project("{FAE04EC0-301F-11D3-BF4B-00C04F79EFBC}") = "49_ThreadPool", "49_ThreadPool\49_ThreadPool.csproj", "{A10C16F6-A256-4A4F-94F5-66B254C9332B}"
EndProject
Project("{FAE04EC0-301F-11D3-BF4B-00C04F79EFBC}") = "50_Timer", "50_Timer\50_Timer.csproj", "{D31112B2-8B51-44FB-AABB-4EC329FEECEF}"
EndProject
Project("{FAE04EC0-301F-11D3-BF4B-00C04F79EFBC}") = "51_IAsyncResult", "51_IAsyncResult\51_IAsyncResult.csproj", "{942C1373-5173-4365-B587-1E0E31434D45}"
EndProject
Project("{FAE04EC0-301F-11D3-BF4B-00C04F79EFBC}") = "52_TPL", "52_TPL\52_TPL.csproj", "{81D6861B-D656-4500-A84B-24B49B93BB84}"
EndProject
Project("{FAE04EC0-301F-11D3-BF4B-00C04F79EFBC}") = "53_Task", "53_Task\53_Task.csproj", "{5C446093-DB23-49C9-83DA-6CE7408B247E}"
EndProject
Project("{FAE04EC0-301F-11D3-BF4B-00C04F79EFBC}") = "32_SaveOpenSerialization", "..\..\csharp-for-professional-materials\C# Professional\008 - Сериализация\008 - Сериализация\001 - Serialization\005 - DB Сериализация\32_SaveOpenSerialization.csproj", "{91B0033C-7130-4B8B-801B-2CB83189FE46}"
EndProject
Global
	GlobalSection(SolutionConfigurationPlatforms) = preSolution
		Debug|Any CPU = Debug|Any CPU
		Release|Any CPU = Release|Any CPU
	EndGlobalSection
	GlobalSection(ProjectConfigurationPlatforms) = postSolution
		{7053091D-139F-4F05-85FF-54B46E1B2EA1}.Debug|Any CPU.ActiveCfg = Debug|Any CPU
		{7053091D-139F-4F05-85FF-54B46E1B2EA1}.Debug|Any CPU.Build.0 = Debug|Any CPU
		{7053091D-139F-4F05-85FF-54B46E1B2EA1}.Release|Any CPU.ActiveCfg = Release|Any CPU
		{7053091D-139F-4F05-85FF-54B46E1B2EA1}.Release|Any CPU.Build.0 = Release|Any CPU
		{6E927AD2-A34E-457E-8654-2B139F030D75}.Debug|Any CPU.ActiveCfg = Debug|Any CPU
		{6E927AD2-A34E-457E-8654-2B139F030D75}.Debug|Any CPU.Build.0 = Debug|Any CPU
		{6E927AD2-A34E-457E-8654-2B139F030D75}.Release|Any CPU.ActiveCfg = Release|Any CPU
		{6E927AD2-A34E-457E-8654-2B139F030D75}.Release|Any CPU.Build.0 = Release|Any CPU
		{4E05E380-12FF-4F37-894D-34A82A3149D7}.Debug|Any CPU.ActiveCfg = Debug|Any CPU
		{4E05E380-12FF-4F37-894D-34A82A3149D7}.Debug|Any CPU.Build.0 = Debug|Any CPU
		{4E05E380-12FF-4F37-894D-34A82A3149D7}.Release|Any CPU.ActiveCfg = Release|Any CPU
		{4E05E380-12FF-4F37-894D-34A82A3149D7}.Release|Any CPU.Build.0 = Release|Any CPU
		{116C3246-1C79-49AD-8240-3CC9789E6C86}.Debug|Any CPU.ActiveCfg = Debug|Any CPU
		{116C3246-1C79-49AD-8240-3CC9789E6C86}.Debug|Any CPU.Build.0 = Debug|Any CPU
		{116C3246-1C79-49AD-8240-3CC9789E6C86}.Release|Any CPU.ActiveCfg = Release|Any CPU
		{116C3246-1C79-49AD-8240-3CC9789E6C86}.Release|Any CPU.Build.0 = Release|Any CPU
		{3D016F76-86BC-4D04-AC99-6FD198FB1BA2}.Debug|Any CPU.ActiveCfg = Debug|Any CPU
		{3D016F76-86BC-4D04-AC99-6FD198FB1BA2}.Debug|Any CPU.Build.0 = Debug|Any CPU
		{3D016F76-86BC-4D04-AC99-6FD198FB1BA2}.Release|Any CPU.ActiveCfg = Release|Any CPU
		{3D016F76-86BC-4D04-AC99-6FD198FB1BA2}.Release|Any CPU.Build.0 = Release|Any CPU
		{09135516-D678-4B04-9FC7-05F4DC8DAE57}.Debug|Any CPU.ActiveCfg = Debug|Any CPU
		{09135516-D678-4B04-9FC7-05F4DC8DAE57}.Debug|Any CPU.Build.0 = Debug|Any CPU
		{09135516-D678-4B04-9FC7-05F4DC8DAE57}.Release|Any CPU.ActiveCfg = Release|Any CPU
		{09135516-D678-4B04-9FC7-05F4DC8DAE57}.Release|Any CPU.Build.0 = Release|Any CPU
		{B3548B65-957B-4D7D-B62F-7F1E48E3E660}.Debug|Any CPU.ActiveCfg = Debug|Any CPU
		{B3548B65-957B-4D7D-B62F-7F1E48E3E660}.Debug|Any CPU.Build.0 = Debug|Any CPU
		{B3548B65-957B-4D7D-B62F-7F1E48E3E660}.Release|Any CPU.ActiveCfg = Release|Any CPU
		{B3548B65-957B-4D7D-B62F-7F1E48E3E660}.Release|Any CPU.Build.0 = Release|Any CPU
		{0BF55EBD-3497-4B9A-955B-DA517D44E118}.Debug|Any CPU.ActiveCfg = Debug|Any CPU
		{0BF55EBD-3497-4B9A-955B-DA517D44E118}.Debug|Any CPU.Build.0 = Debug|Any CPU
		{0BF55EBD-3497-4B9A-955B-DA517D44E118}.Release|Any CPU.ActiveCfg = Release|Any CPU
		{0BF55EBD-3497-4B9A-955B-DA517D44E118}.Release|Any CPU.Build.0 = Release|Any CPU
		{8C285AAA-9DF4-4305-A708-96ED9D93374B}.Debug|Any CPU.ActiveCfg = Debug|Any CPU
		{8C285AAA-9DF4-4305-A708-96ED9D93374B}.Debug|Any CPU.Build.0 = Debug|Any CPU
		{8C285AAA-9DF4-4305-A708-96ED9D93374B}.Release|Any CPU.ActiveCfg = Release|Any CPU
		{8C285AAA-9DF4-4305-A708-96ED9D93374B}.Release|Any CPU.Build.0 = Release|Any CPU
		{4A30D8EF-57C4-464F-80B8-77650FA2D1E8}.Debug|Any CPU.ActiveCfg = Debug|Any CPU
		{4A30D8EF-57C4-464F-80B8-77650FA2D1E8}.Debug|Any CPU.Build.0 = Debug|Any CPU
		{4A30D8EF-57C4-464F-80B8-77650FA2D1E8}.Release|Any CPU.ActiveCfg = Release|Any CPU
		{4A30D8EF-57C4-464F-80B8-77650FA2D1E8}.Release|Any CPU.Build.0 = Release|Any CPU
		{9FC12FD5-AAF3-4910-8E8A-63B7E7D8F4E5}.Debug|Any CPU.ActiveCfg = Debug|Any CPU
		{9FC12FD5-AAF3-4910-8E8A-63B7E7D8F4E5}.Debug|Any CPU.Build.0 = Debug|Any CPU
		{9FC12FD5-AAF3-4910-8E8A-63B7E7D8F4E5}.Release|Any CPU.ActiveCfg = Release|Any CPU
		{9FC12FD5-AAF3-4910-8E8A-63B7E7D8F4E5}.Release|Any CPU.Build.0 = Release|Any CPU
		{300072A4-EA76-4E88-B7EE-E786AD062F2E}.Debug|Any CPU.ActiveCfg = Debug|Any CPU
		{300072A4-EA76-4E88-B7EE-E786AD062F2E}.Debug|Any CPU.Build.0 = Debug|Any CPU
		{300072A4-EA76-4E88-B7EE-E786AD062F2E}.Release|Any CPU.ActiveCfg = Release|Any CPU
		{300072A4-EA76-4E88-B7EE-E786AD062F2E}.Release|Any CPU.Build.0 = Release|Any CPU
		{07469A01-3C74-4C3F-98D0-F00064052EF9}.Debug|Any CPU.ActiveCfg = Debug|Any CPU
		{07469A01-3C74-4C3F-98D0-F00064052EF9}.Debug|Any CPU.Build.0 = Debug|Any CPU
		{07469A01-3C74-4C3F-98D0-F00064052EF9}.Release|Any CPU.ActiveCfg = Release|Any CPU
		{07469A01-3C74-4C3F-98D0-F00064052EF9}.Release|Any CPU.Build.0 = Release|Any CPU
		{DDF6AC0D-26CD-49D9-95B6-FBCBFE08BDB9}.Debug|Any CPU.ActiveCfg = Debug|Any CPU
		{DDF6AC0D-26CD-49D9-95B6-FBCBFE08BDB9}.Debug|Any CPU.Build.0 = Debug|Any CPU
		{DDF6AC0D-26CD-49D9-95B6-FBCBFE08BDB9}.Release|Any CPU.ActiveCfg = Release|Any CPU
		{DDF6AC0D-26CD-49D9-95B6-FBCBFE08BDB9}.Release|Any CPU.Build.0 = Release|Any CPU
		{93CAD961-B831-49B7-8A3C-51563E4CF18E}.Debug|Any CPU.ActiveCfg = Debug|Any CPU
		{93CAD961-B831-49B7-8A3C-51563E4CF18E}.Debug|Any CPU.Build.0 = Debug|Any CPU
		{93CAD961-B831-49B7-8A3C-51563E4CF18E}.Release|Any CPU.ActiveCfg = Release|Any CPU
		{93CAD961-B831-49B7-8A3C-51563E4CF18E}.Release|Any CPU.Build.0 = Release|Any CPU
		{746BF2FE-C349-47F6-AABF-86426B518627}.Debug|Any CPU.ActiveCfg = Debug|Any CPU
		{746BF2FE-C349-47F6-AABF-86426B518627}.Debug|Any CPU.Build.0 = Debug|Any CPU
		{746BF2FE-C349-47F6-AABF-86426B518627}.Release|Any CPU.ActiveCfg = Release|Any CPU
		{746BF2FE-C349-47F6-AABF-86426B518627}.Release|Any CPU.Build.0 = Release|Any CPU
		{9D0CD28F-72D7-448F-968C-85AD47CB943D}.Debug|Any CPU.ActiveCfg = Debug|Any CPU
		{9D0CD28F-72D7-448F-968C-85AD47CB943D}.Debug|Any CPU.Build.0 = Debug|Any CPU
		{9D0CD28F-72D7-448F-968C-85AD47CB943D}.Release|Any CPU.ActiveCfg = Release|Any CPU
		{9D0CD28F-72D7-448F-968C-85AD47CB943D}.Release|Any CPU.Build.0 = Release|Any CPU
		{2666B30F-A529-443B-9863-BB3526A72D91}.Debug|Any CPU.ActiveCfg = Debug|Any CPU
		{2666B30F-A529-443B-9863-BB3526A72D91}.Debug|Any CPU.Build.0 = Debug|Any CPU
		{2666B30F-A529-443B-9863-BB3526A72D91}.Release|Any CPU.ActiveCfg = Release|Any CPU
		{2666B30F-A529-443B-9863-BB3526A72D91}.Release|Any CPU.Build.0 = Release|Any CPU
		{BD6CCB7E-2428-4507-80E5-A8730C7EEDF5}.Debug|Any CPU.ActiveCfg = Debug|Any CPU
		{BD6CCB7E-2428-4507-80E5-A8730C7EEDF5}.Debug|Any CPU.Build.0 = Debug|Any CPU
		{BD6CCB7E-2428-4507-80E5-A8730C7EEDF5}.Release|Any CPU.ActiveCfg = Release|Any CPU
		{BD6CCB7E-2428-4507-80E5-A8730C7EEDF5}.Release|Any CPU.Build.0 = Release|Any CPU
		{523F9C5A-62AF-4AFD-831B-3425DB4DD33C}.Debug|Any CPU.ActiveCfg = Debug|Any CPU
		{523F9C5A-62AF-4AFD-831B-3425DB4DD33C}.Debug|Any CPU.Build.0 = Debug|Any CPU
		{523F9C5A-62AF-4AFD-831B-3425DB4DD33C}.Release|Any CPU.ActiveCfg = Release|Any CPU
		{523F9C5A-62AF-4AFD-831B-3425DB4DD33C}.Release|Any CPU.Build.0 = Release|Any CPU
		{F67F9683-30C9-4545-A037-3E62EC368C14}.Debug|Any CPU.ActiveCfg = Debug|Any CPU
		{F67F9683-30C9-4545-A037-3E62EC368C14}.Debug|Any CPU.Build.0 = Debug|Any CPU
		{F67F9683-30C9-4545-A037-3E62EC368C14}.Release|Any CPU.ActiveCfg = Release|Any CPU
		{F67F9683-30C9-4545-A037-3E62EC368C14}.Release|Any CPU.Build.0 = Release|Any CPU
		{183FB026-DDD1-41CE-8D51-51E9403BDAB0}.Debug|Any CPU.ActiveCfg = Debug|Any CPU
		{183FB026-DDD1-41CE-8D51-51E9403BDAB0}.Debug|Any CPU.Build.0 = Debug|Any CPU
		{183FB026-DDD1-41CE-8D51-51E9403BDAB0}.Release|Any CPU.ActiveCfg = Release|Any CPU
		{183FB026-DDD1-41CE-8D51-51E9403BDAB0}.Release|Any CPU.Build.0 = Release|Any CPU
		{2E76564C-A091-40B1-B9B3-A0DFFE241A99}.Debug|Any CPU.ActiveCfg = Debug|Any CPU
		{2E76564C-A091-40B1-B9B3-A0DFFE241A99}.Debug|Any CPU.Build.0 = Debug|Any CPU
		{2E76564C-A091-40B1-B9B3-A0DFFE241A99}.Release|Any CPU.ActiveCfg = Release|Any CPU
		{2E76564C-A091-40B1-B9B3-A0DFFE241A99}.Release|Any CPU.Build.0 = Release|Any CPU
		{B1AD443A-571C-4CD8-950F-2E8E7499F85C}.Debug|Any CPU.ActiveCfg = Debug|Any CPU
		{B1AD443A-571C-4CD8-950F-2E8E7499F85C}.Debug|Any CPU.Build.0 = Debug|Any CPU
		{B1AD443A-571C-4CD8-950F-2E8E7499F85C}.Release|Any CPU.ActiveCfg = Release|Any CPU
		{B1AD443A-571C-4CD8-950F-2E8E7499F85C}.Release|Any CPU.Build.0 = Release|Any CPU
		{01DFE08B-DD5F-457B-9DA6-631FE5B3F872}.Debug|Any CPU.ActiveCfg = Debug|Any CPU
		{01DFE08B-DD5F-457B-9DA6-631FE5B3F872}.Debug|Any CPU.Build.0 = Debug|Any CPU
		{01DFE08B-DD5F-457B-9DA6-631FE5B3F872}.Release|Any CPU.ActiveCfg = Release|Any CPU
		{01DFE08B-DD5F-457B-9DA6-631FE5B3F872}.Release|Any CPU.Build.0 = Release|Any CPU
		{D644A53B-CEDC-4C79-B92D-C1EA71438C65}.Debug|Any CPU.ActiveCfg = Debug|Any CPU
		{D644A53B-CEDC-4C79-B92D-C1EA71438C65}.Debug|Any CPU.Build.0 = Debug|Any CPU
		{D644A53B-CEDC-4C79-B92D-C1EA71438C65}.Release|Any CPU.ActiveCfg = Release|Any CPU
		{D644A53B-CEDC-4C79-B92D-C1EA71438C65}.Release|Any CPU.Build.0 = Release|Any CPU
		{5B19BB3C-0479-4618-985F-6DD332F6AB88}.Debug|Any CPU.ActiveCfg = Debug|Any CPU
		{5B19BB3C-0479-4618-985F-6DD332F6AB88}.Debug|Any CPU.Build.0 = Debug|Any CPU
		{5B19BB3C-0479-4618-985F-6DD332F6AB88}.Release|Any CPU.ActiveCfg = Release|Any CPU
		{5B19BB3C-0479-4618-985F-6DD332F6AB88}.Release|Any CPU.Build.0 = Release|Any CPU
		{98605F3E-4827-4B1A-BF11-C56B2A2971AF}.Debug|Any CPU.ActiveCfg = Debug|Any CPU
		{98605F3E-4827-4B1A-BF11-C56B2A2971AF}.Debug|Any CPU.Build.0 = Debug|Any CPU
		{98605F3E-4827-4B1A-BF11-C56B2A2971AF}.Release|Any CPU.ActiveCfg = Release|Any CPU
		{98605F3E-4827-4B1A-BF11-C56B2A2971AF}.Release|Any CPU.Build.0 = Release|Any CPU
		{7A59BD50-C0B6-4188-A551-4E87D2AB7A0A}.Debug|Any CPU.ActiveCfg = Debug|Any CPU
		{7A59BD50-C0B6-4188-A551-4E87D2AB7A0A}.Debug|Any CPU.Build.0 = Debug|Any CPU
		{7A59BD50-C0B6-4188-A551-4E87D2AB7A0A}.Release|Any CPU.ActiveCfg = Release|Any CPU
		{7A59BD50-C0B6-4188-A551-4E87D2AB7A0A}.Release|Any CPU.Build.0 = Release|Any CPU
		{BDC80C9F-EBE4-4CDA-A47E-B991AC0059FB}.Debug|Any CPU.ActiveCfg = Debug|Any CPU
		{BDC80C9F-EBE4-4CDA-A47E-B991AC0059FB}.Debug|Any CPU.Build.0 = Debug|Any CPU
		{BDC80C9F-EBE4-4CDA-A47E-B991AC0059FB}.Release|Any CPU.ActiveCfg = Release|Any CPU
		{BDC80C9F-EBE4-4CDA-A47E-B991AC0059FB}.Release|Any CPU.Build.0 = Release|Any CPU
		{04A10B94-5AD3-4566-AEB6-9FD1B138D538}.Debug|Any CPU.ActiveCfg = Debug|Any CPU
		{04A10B94-5AD3-4566-AEB6-9FD1B138D538}.Debug|Any CPU.Build.0 = Debug|Any CPU
		{04A10B94-5AD3-4566-AEB6-9FD1B138D538}.Release|Any CPU.ActiveCfg = Release|Any CPU
		{04A10B94-5AD3-4566-AEB6-9FD1B138D538}.Release|Any CPU.Build.0 = Release|Any CPU
		{C3B7F30B-CD00-4046-9943-460CB4A5B10B}.Debug|Any CPU.ActiveCfg = Debug|Any CPU
		{C3B7F30B-CD00-4046-9943-460CB4A5B10B}.Debug|Any CPU.Build.0 = Debug|Any CPU
		{C3B7F30B-CD00-4046-9943-460CB4A5B10B}.Release|Any CPU.ActiveCfg = Release|Any CPU
		{C3B7F30B-CD00-4046-9943-460CB4A5B10B}.Release|Any CPU.Build.0 = Release|Any CPU
		{084118A7-BA52-4761-9925-9F2C0C5B5E69}.Debug|Any CPU.ActiveCfg = Debug|Any CPU
		{084118A7-BA52-4761-9925-9F2C0C5B5E69}.Debug|Any CPU.Build.0 = Debug|Any CPU
		{084118A7-BA52-4761-9925-9F2C0C5B5E69}.Release|Any CPU.ActiveCfg = Release|Any CPU
		{084118A7-BA52-4761-9925-9F2C0C5B5E69}.Release|Any CPU.Build.0 = Release|Any CPU
		{8AF83E61-0B29-4FCE-80A2-B1639BE89326}.Debug|Any CPU.ActiveCfg = Debug|Any CPU
		{8AF83E61-0B29-4FCE-80A2-B1639BE89326}.Debug|Any CPU.Build.0 = Debug|Any CPU
		{8AF83E61-0B29-4FCE-80A2-B1639BE89326}.Release|Any CPU.ActiveCfg = Release|Any CPU
		{8AF83E61-0B29-4FCE-80A2-B1639BE89326}.Release|Any CPU.Build.0 = Release|Any CPU
		{138BDC33-C66A-45EF-9019-348B26DAE3AE}.Debug|Any CPU.ActiveCfg = Debug|Any CPU
		{138BDC33-C66A-45EF-9019-348B26DAE3AE}.Debug|Any CPU.Build.0 = Debug|Any CPU
		{138BDC33-C66A-45EF-9019-348B26DAE3AE}.Release|Any CPU.ActiveCfg = Release|Any CPU
		{138BDC33-C66A-45EF-9019-348B26DAE3AE}.Release|Any CPU.Build.0 = Release|Any CPU
		{E28623BB-2C25-4BE3-80E5-B7F637C2F52C}.Debug|Any CPU.ActiveCfg = Debug|Any CPU
		{E28623BB-2C25-4BE3-80E5-B7F637C2F52C}.Debug|Any CPU.Build.0 = Debug|Any CPU
		{E28623BB-2C25-4BE3-80E5-B7F637C2F52C}.Release|Any CPU.ActiveCfg = Release|Any CPU
		{E28623BB-2C25-4BE3-80E5-B7F637C2F52C}.Release|Any CPU.Build.0 = Release|Any CPU
		{8D0889D5-DE9F-4FF4-B8A0-169ADF5E0744}.Debug|Any CPU.ActiveCfg = Debug|Any CPU
		{8D0889D5-DE9F-4FF4-B8A0-169ADF5E0744}.Debug|Any CPU.Build.0 = Debug|Any CPU
		{8D0889D5-DE9F-4FF4-B8A0-169ADF5E0744}.Release|Any CPU.ActiveCfg = Release|Any CPU
		{8D0889D5-DE9F-4FF4-B8A0-169ADF5E0744}.Release|Any CPU.Build.0 = Release|Any CPU
		{840741C0-2CA9-4650-935D-187219083949}.Debug|Any CPU.ActiveCfg = Debug|Any CPU
		{840741C0-2CA9-4650-935D-187219083949}.Debug|Any CPU.Build.0 = Debug|Any CPU
		{840741C0-2CA9-4650-935D-187219083949}.Release|Any CPU.ActiveCfg = Release|Any CPU
		{840741C0-2CA9-4650-935D-187219083949}.Release|Any CPU.Build.0 = Release|Any CPU
		{74631D9B-CA4E-4E74-9B57-7D453AEB7890}.Debug|Any CPU.ActiveCfg = Debug|Any CPU
		{74631D9B-CA4E-4E74-9B57-7D453AEB7890}.Debug|Any CPU.Build.0 = Debug|Any CPU
		{74631D9B-CA4E-4E74-9B57-7D453AEB7890}.Release|Any CPU.ActiveCfg = Release|Any CPU
		{74631D9B-CA4E-4E74-9B57-7D453AEB7890}.Release|Any CPU.Build.0 = Release|Any CPU
		{55CB63D8-9B42-4BC9-8203-E12B2869F889}.Debug|Any CPU.ActiveCfg = Debug|Any CPU
		{55CB63D8-9B42-4BC9-8203-E12B2869F889}.Debug|Any CPU.Build.0 = Debug|Any CPU
		{55CB63D8-9B42-4BC9-8203-E12B2869F889}.Release|Any CPU.ActiveCfg = Release|Any CPU
		{55CB63D8-9B42-4BC9-8203-E12B2869F889}.Release|Any CPU.Build.0 = Release|Any CPU
		{3CFE8D1B-2FD6-4F25-8092-26FF738E4FE5}.Debug|Any CPU.ActiveCfg = Debug|Any CPU
		{3CFE8D1B-2FD6-4F25-8092-26FF738E4FE5}.Debug|Any CPU.Build.0 = Debug|Any CPU
		{3CFE8D1B-2FD6-4F25-8092-26FF738E4FE5}.Release|Any CPU.ActiveCfg = Release|Any CPU
		{3CFE8D1B-2FD6-4F25-8092-26FF738E4FE5}.Release|Any CPU.Build.0 = Release|Any CPU
		{4ABC9E29-A4E6-4253-A9AC-80243996B887}.Debug|Any CPU.ActiveCfg = Debug|Any CPU
		{4ABC9E29-A4E6-4253-A9AC-80243996B887}.Debug|Any CPU.Build.0 = Debug|Any CPU
		{4ABC9E29-A4E6-4253-A9AC-80243996B887}.Release|Any CPU.ActiveCfg = Release|Any CPU
		{4ABC9E29-A4E6-4253-A9AC-80243996B887}.Release|Any CPU.Build.0 = Release|Any CPU
		{AD308DD0-84C8-444C-BD3A-AB1400827A16}.Debug|Any CPU.ActiveCfg = Debug|Any CPU
		{AD308DD0-84C8-444C-BD3A-AB1400827A16}.Debug|Any CPU.Build.0 = Debug|Any CPU
		{AD308DD0-84C8-444C-BD3A-AB1400827A16}.Release|Any CPU.ActiveCfg = Release|Any CPU
		{AD308DD0-84C8-444C-BD3A-AB1400827A16}.Release|Any CPU.Build.0 = Release|Any CPU
		{FC692B1A-D97A-4EDE-9CBA-B085A7C7A681}.Debug|Any CPU.ActiveCfg = Debug|Any CPU
		{FC692B1A-D97A-4EDE-9CBA-B085A7C7A681}.Debug|Any CPU.Build.0 = Debug|Any CPU
		{FC692B1A-D97A-4EDE-9CBA-B085A7C7A681}.Release|Any CPU.ActiveCfg = Release|Any CPU
		{FC692B1A-D97A-4EDE-9CBA-B085A7C7A681}.Release|Any CPU.Build.0 = Release|Any CPU
		{3D560CBB-EEDC-4B9E-8604-B0ACC13685B5}.Debug|Any CPU.ActiveCfg = Debug|Any CPU
		{3D560CBB-EEDC-4B9E-8604-B0ACC13685B5}.Debug|Any CPU.Build.0 = Debug|Any CPU
		{3D560CBB-EEDC-4B9E-8604-B0ACC13685B5}.Release|Any CPU.ActiveCfg = Release|Any CPU
		{3D560CBB-EEDC-4B9E-8604-B0ACC13685B5}.Release|Any CPU.Build.0 = Release|Any CPU
		{BCF825E1-D9A6-4675-9CBC-962B91694A6A}.Debug|Any CPU.ActiveCfg = Debug|Any CPU
		{BCF825E1-D9A6-4675-9CBC-962B91694A6A}.Debug|Any CPU.Build.0 = Debug|Any CPU
		{BCF825E1-D9A6-4675-9CBC-962B91694A6A}.Release|Any CPU.ActiveCfg = Release|Any CPU
		{BCF825E1-D9A6-4675-9CBC-962B91694A6A}.Release|Any CPU.Build.0 = Release|Any CPU
		{9AC5508E-5056-4D77-9921-94CE433A0B96}.Debug|Any CPU.ActiveCfg = Debug|Any CPU
		{9AC5508E-5056-4D77-9921-94CE433A0B96}.Debug|Any CPU.Build.0 = Debug|Any CPU
		{9AC5508E-5056-4D77-9921-94CE433A0B96}.Release|Any CPU.ActiveCfg = Release|Any CPU
		{9AC5508E-5056-4D77-9921-94CE433A0B96}.Release|Any CPU.Build.0 = Release|Any CPU
		{A10C16F6-A256-4A4F-94F5-66B254C9332B}.Debug|Any CPU.ActiveCfg = Debug|Any CPU
		{A10C16F6-A256-4A4F-94F5-66B254C9332B}.Debug|Any CPU.Build.0 = Debug|Any CPU
		{A10C16F6-A256-4A4F-94F5-66B254C9332B}.Release|Any CPU.ActiveCfg = Release|Any CPU
		{A10C16F6-A256-4A4F-94F5-66B254C9332B}.Release|Any CPU.Build.0 = Release|Any CPU
		{D31112B2-8B51-44FB-AABB-4EC329FEECEF}.Debug|Any CPU.ActiveCfg = Debug|Any CPU
		{D31112B2-8B51-44FB-AABB-4EC329FEECEF}.Debug|Any CPU.Build.0 = Debug|Any CPU
		{D31112B2-8B51-44FB-AABB-4EC329FEECEF}.Release|Any CPU.ActiveCfg = Release|Any CPU
		{D31112B2-8B51-44FB-AABB-4EC329FEECEF}.Release|Any CPU.Build.0 = Release|Any CPU
		{942C1373-5173-4365-B587-1E0E31434D45}.Debug|Any CPU.ActiveCfg = Debug|Any CPU
		{942C1373-5173-4365-B587-1E0E31434D45}.Debug|Any CPU.Build.0 = Debug|Any CPU
		{942C1373-5173-4365-B587-1E0E31434D45}.Release|Any CPU.ActiveCfg = Release|Any CPU
		{942C1373-5173-4365-B587-1E0E31434D45}.Release|Any CPU.Build.0 = Release|Any CPU
		{81D6861B-D656-4500-A84B-24B49B93BB84}.Debug|Any CPU.ActiveCfg = Debug|Any CPU
		{81D6861B-D656-4500-A84B-24B49B93BB84}.Debug|Any CPU.Build.0 = Debug|Any CPU
		{81D6861B-D656-4500-A84B-24B49B93BB84}.Release|Any CPU.ActiveCfg = Release|Any CPU
		{81D6861B-D656-4500-A84B-24B49B93BB84}.Release|Any CPU.Build.0 = Release|Any CPU
		{5C446093-DB23-49C9-83DA-6CE7408B247E}.Debug|Any CPU.ActiveCfg = Debug|Any CPU
		{5C446093-DB23-49C9-83DA-6CE7408B247E}.Debug|Any CPU.Build.0 = Debug|Any CPU
		{5C446093-DB23-49C9-83DA-6CE7408B247E}.Release|Any CPU.ActiveCfg = Release|Any CPU
		{5C446093-DB23-49C9-83DA-6CE7408B247E}.Release|Any CPU.Build.0 = Release|Any CPU
		{91B0033C-7130-4B8B-801B-2CB83189FE46}.Debug|Any CPU.ActiveCfg = Debug|Any CPU
		{91B0033C-7130-4B8B-801B-2CB83189FE46}.Debug|Any CPU.Build.0 = Debug|Any CPU
		{91B0033C-7130-4B8B-801B-2CB83189FE46}.Release|Any CPU.ActiveCfg = Release|Any CPU
		{91B0033C-7130-4B8B-801B-2CB83189FE46}.Release|Any CPU.Build.0 = Release|Any CPU
	EndGlobalSection
	GlobalSection(SolutionProperties) = preSolution
		HideSolutionNode = FALSE
	EndGlobalSection
EndGlobal
